
Microsoft Visual Studio Solution File, Format Version 12.00
# Visual Studio 14
VisualStudioVersion = 14.0.24720.0
MinimumVisualStudioVersion = 10.0.40219.1
Project("{FAE04EC0-301F-11D3-BF4B-00C04F79EFBC}") = "DailySoccerAppService", "DailySoccerAppService\DailySoccerAppService.csproj", "{6EE86CF0-8D17-4BF1-A738-C0EF45F60FA3}"
EndProject
Project("{262852C6-CD72-467D-83FE-5EEB1973A190}") = "DailySoccerMobile", "DailySoccerMobile\DailySoccerMobile.jsproj", "{AD3CE32B-152C-404B-BD65-F25B5D5B6AAF}"
EndProject
Project("{FAE04EC0-301F-11D3-BF4B-00C04F79EFBC}") = "DailySoccer.Shared", "DailySoccer.Shared\DailySoccer.Shared.csproj", "{C20DFC54-0E35-49DC-8F84-8914CB426761}"
EndProject
Project("{FAE04EC0-301F-11D3-BF4B-00C04F79EFBC}") = "DailySoccer.DAC", "DailySoccer.DAC\DailySoccer.DAC.csproj", "{D4361E1E-EA6B-4E55-B3F7-0BF0744C3493}"
EndProject
Project("{FAE04EC0-301F-11D3-BF4B-00C04F79EFBC}") = "DailySoccer.Specs", "DailySoccer.Specs\DailySoccer.Specs.csproj", "{1A1301DF-525F-45EB-BA22-BEB1020BA3F6}"
EndProject
Project("{00D1A9C2-B5F0-4AF3-8072-F6C62B433612}") = "DAILYSOCCER_V0090", "DAILYSOCCER_V0090\DAILYSOCCER_V0090.sqlproj", "{382D5F49-234B-4340-B223-0AC0001B8D8C}"
EndProject
Project("{FAE04EC0-301F-11D3-BF4B-00C04F79EFBC}") = "DailySoccerBackoffice", "DailySoccerBackoffice\DailySoccerBackoffice.csproj", "{49EDF7B6-1358-419C-87BA-9499F1B5EFCA}"
EndProject
Global
	GlobalSection(SolutionConfigurationPlatforms) = preSolution
		Debug|Android = Debug|Android
		Debug|Any CPU = Debug|Any CPU
		Debug|iOS = Debug|iOS
		Debug|Windows Phone (Universal) = Debug|Windows Phone (Universal)
		Debug|Windows Phone 8 = Debug|Windows Phone 8
		Debug|Windows-AnyCPU = Debug|Windows-AnyCPU
		Debug|Windows-ARM = Debug|Windows-ARM
		Debug|Windows-x64 = Debug|Windows-x64
		Debug|Windows-x86 = Debug|Windows-x86
		Release|Android = Release|Android
		Release|Any CPU = Release|Any CPU
		Release|iOS = Release|iOS
		Release|Windows Phone (Universal) = Release|Windows Phone (Universal)
		Release|Windows Phone 8 = Release|Windows Phone 8
		Release|Windows-AnyCPU = Release|Windows-AnyCPU
		Release|Windows-ARM = Release|Windows-ARM
		Release|Windows-x64 = Release|Windows-x64
		Release|Windows-x86 = Release|Windows-x86
	EndGlobalSection
	GlobalSection(ProjectConfigurationPlatforms) = postSolution
		{6EE86CF0-8D17-4BF1-A738-C0EF45F60FA3}.Debug|Android.ActiveCfg = Debug|Any CPU
		{6EE86CF0-8D17-4BF1-A738-C0EF45F60FA3}.Debug|Android.Build.0 = Debug|Any CPU
		{6EE86CF0-8D17-4BF1-A738-C0EF45F60FA3}.Debug|Any CPU.ActiveCfg = Debug|Any CPU
		{6EE86CF0-8D17-4BF1-A738-C0EF45F60FA3}.Debug|Any CPU.Build.0 = Debug|Any CPU
		{6EE86CF0-8D17-4BF1-A738-C0EF45F60FA3}.Debug|iOS.ActiveCfg = Debug|Any CPU
		{6EE86CF0-8D17-4BF1-A738-C0EF45F60FA3}.Debug|iOS.Build.0 = Debug|Any CPU
		{6EE86CF0-8D17-4BF1-A738-C0EF45F60FA3}.Debug|Windows Phone (Universal).ActiveCfg = Debug|Any CPU
		{6EE86CF0-8D17-4BF1-A738-C0EF45F60FA3}.Debug|Windows Phone (Universal).Build.0 = Debug|Any CPU
		{6EE86CF0-8D17-4BF1-A738-C0EF45F60FA3}.Debug|Windows Phone 8.ActiveCfg = Debug|Any CPU
		{6EE86CF0-8D17-4BF1-A738-C0EF45F60FA3}.Debug|Windows Phone 8.Build.0 = Debug|Any CPU
		{6EE86CF0-8D17-4BF1-A738-C0EF45F60FA3}.Debug|Windows-AnyCPU.ActiveCfg = Debug|Any CPU
		{6EE86CF0-8D17-4BF1-A738-C0EF45F60FA3}.Debug|Windows-AnyCPU.Build.0 = Debug|Any CPU
		{6EE86CF0-8D17-4BF1-A738-C0EF45F60FA3}.Debug|Windows-ARM.ActiveCfg = Debug|Any CPU
		{6EE86CF0-8D17-4BF1-A738-C0EF45F60FA3}.Debug|Windows-ARM.Build.0 = Debug|Any CPU
		{6EE86CF0-8D17-4BF1-A738-C0EF45F60FA3}.Debug|Windows-x64.ActiveCfg = Debug|Any CPU
		{6EE86CF0-8D17-4BF1-A738-C0EF45F60FA3}.Debug|Windows-x64.Build.0 = Debug|Any CPU
		{6EE86CF0-8D17-4BF1-A738-C0EF45F60FA3}.Debug|Windows-x86.ActiveCfg = Debug|Any CPU
		{6EE86CF0-8D17-4BF1-A738-C0EF45F60FA3}.Debug|Windows-x86.Build.0 = Debug|Any CPU
		{6EE86CF0-8D17-4BF1-A738-C0EF45F60FA3}.Release|Android.ActiveCfg = Release|Any CPU
		{6EE86CF0-8D17-4BF1-A738-C0EF45F60FA3}.Release|Android.Build.0 = Release|Any CPU
		{6EE86CF0-8D17-4BF1-A738-C0EF45F60FA3}.Release|Any CPU.ActiveCfg = Release|Any CPU
		{6EE86CF0-8D17-4BF1-A738-C0EF45F60FA3}.Release|Any CPU.Build.0 = Release|Any CPU
		{6EE86CF0-8D17-4BF1-A738-C0EF45F60FA3}.Release|iOS.ActiveCfg = Release|Any CPU
		{6EE86CF0-8D17-4BF1-A738-C0EF45F60FA3}.Release|iOS.Build.0 = Release|Any CPU
		{6EE86CF0-8D17-4BF1-A738-C0EF45F60FA3}.Release|Windows Phone (Universal).ActiveCfg = Release|Any CPU
		{6EE86CF0-8D17-4BF1-A738-C0EF45F60FA3}.Release|Windows Phone (Universal).Build.0 = Release|Any CPU
		{6EE86CF0-8D17-4BF1-A738-C0EF45F60FA3}.Release|Windows Phone 8.ActiveCfg = Release|Any CPU
		{6EE86CF0-8D17-4BF1-A738-C0EF45F60FA3}.Release|Windows Phone 8.Build.0 = Release|Any CPU
		{6EE86CF0-8D17-4BF1-A738-C0EF45F60FA3}.Release|Windows-AnyCPU.ActiveCfg = Release|Any CPU
		{6EE86CF0-8D17-4BF1-A738-C0EF45F60FA3}.Release|Windows-AnyCPU.Build.0 = Release|Any CPU
		{6EE86CF0-8D17-4BF1-A738-C0EF45F60FA3}.Release|Windows-ARM.ActiveCfg = Release|Any CPU
		{6EE86CF0-8D17-4BF1-A738-C0EF45F60FA3}.Release|Windows-ARM.Build.0 = Release|Any CPU
		{6EE86CF0-8D17-4BF1-A738-C0EF45F60FA3}.Release|Windows-x64.ActiveCfg = Release|Any CPU
		{6EE86CF0-8D17-4BF1-A738-C0EF45F60FA3}.Release|Windows-x64.Build.0 = Release|Any CPU
		{6EE86CF0-8D17-4BF1-A738-C0EF45F60FA3}.Release|Windows-x86.ActiveCfg = Release|Any CPU
		{6EE86CF0-8D17-4BF1-A738-C0EF45F60FA3}.Release|Windows-x86.Build.0 = Release|Any CPU
		{AD3CE32B-152C-404B-BD65-F25B5D5B6AAF}.Debug|Android.ActiveCfg = Debug|Android
		{AD3CE32B-152C-404B-BD65-F25B5D5B6AAF}.Debug|Android.Build.0 = Debug|Android
		{AD3CE32B-152C-404B-BD65-F25B5D5B6AAF}.Debug|Android.Deploy.0 = Debug|Android
		{AD3CE32B-152C-404B-BD65-F25B5D5B6AAF}.Debug|Any CPU.ActiveCfg = Debug|Android
		{AD3CE32B-152C-404B-BD65-F25B5D5B6AAF}.Debug|iOS.ActiveCfg = Debug|iOS
		{AD3CE32B-152C-404B-BD65-F25B5D5B6AAF}.Debug|iOS.Build.0 = Debug|iOS
		{AD3CE32B-152C-404B-BD65-F25B5D5B6AAF}.Debug|iOS.Deploy.0 = Debug|iOS
		{AD3CE32B-152C-404B-BD65-F25B5D5B6AAF}.Debug|Windows Phone (Universal).ActiveCfg = Debug|Windows Phone (Universal)
		{AD3CE32B-152C-404B-BD65-F25B5D5B6AAF}.Debug|Windows Phone (Universal).Build.0 = Debug|Windows Phone (Universal)
		{AD3CE32B-152C-404B-BD65-F25B5D5B6AAF}.Debug|Windows Phone (Universal).Deploy.0 = Debug|Windows Phone (Universal)
		{AD3CE32B-152C-404B-BD65-F25B5D5B6AAF}.Debug|Windows Phone 8.ActiveCfg = Debug|Windows Phone 8
		{AD3CE32B-152C-404B-BD65-F25B5D5B6AAF}.Debug|Windows Phone 8.Build.0 = Debug|Windows Phone 8
		{AD3CE32B-152C-404B-BD65-F25B5D5B6AAF}.Debug|Windows Phone 8.Deploy.0 = Debug|Windows Phone 8
		{AD3CE32B-152C-404B-BD65-F25B5D5B6AAF}.Debug|Windows-AnyCPU.ActiveCfg = Debug|Windows-AnyCPU
		{AD3CE32B-152C-404B-BD65-F25B5D5B6AAF}.Debug|Windows-AnyCPU.Build.0 = Debug|Windows-AnyCPU
		{AD3CE32B-152C-404B-BD65-F25B5D5B6AAF}.Debug|Windows-AnyCPU.Deploy.0 = Debug|Windows-AnyCPU
		{AD3CE32B-152C-404B-BD65-F25B5D5B6AAF}.Debug|Windows-ARM.ActiveCfg = Debug|Windows-ARM
		{AD3CE32B-152C-404B-BD65-F25B5D5B6AAF}.Debug|Windows-ARM.Build.0 = Debug|Windows-ARM
		{AD3CE32B-152C-404B-BD65-F25B5D5B6AAF}.Debug|Windows-ARM.Deploy.0 = Debug|Windows-ARM
		{AD3CE32B-152C-404B-BD65-F25B5D5B6AAF}.Debug|Windows-x64.ActiveCfg = Debug|Windows-x64
		{AD3CE32B-152C-404B-BD65-F25B5D5B6AAF}.Debug|Windows-x64.Build.0 = Debug|Windows-x64
		{AD3CE32B-152C-404B-BD65-F25B5D5B6AAF}.Debug|Windows-x64.Deploy.0 = Debug|Windows-x64
		{AD3CE32B-152C-404B-BD65-F25B5D5B6AAF}.Debug|Windows-x86.ActiveCfg = Debug|Windows-x86
		{AD3CE32B-152C-404B-BD65-F25B5D5B6AAF}.Debug|Windows-x86.Build.0 = Debug|Windows-x86
		{AD3CE32B-152C-404B-BD65-F25B5D5B6AAF}.Debug|Windows-x86.Deploy.0 = Debug|Windows-x86
		{AD3CE32B-152C-404B-BD65-F25B5D5B6AAF}.Release|Android.ActiveCfg = Release|Android
		{AD3CE32B-152C-404B-BD65-F25B5D5B6AAF}.Release|Android.Build.0 = Release|Android
		{AD3CE32B-152C-404B-BD65-F25B5D5B6AAF}.Release|Android.Deploy.0 = Release|Android
		{AD3CE32B-152C-404B-BD65-F25B5D5B6AAF}.Release|Any CPU.ActiveCfg = Release|Android
		{AD3CE32B-152C-404B-BD65-F25B5D5B6AAF}.Release|iOS.ActiveCfg = Release|iOS
		{AD3CE32B-152C-404B-BD65-F25B5D5B6AAF}.Release|iOS.Build.0 = Release|iOS
		{AD3CE32B-152C-404B-BD65-F25B5D5B6AAF}.Release|iOS.Deploy.0 = Release|iOS
		{AD3CE32B-152C-404B-BD65-F25B5D5B6AAF}.Release|Windows Phone (Universal).ActiveCfg = Release|Windows Phone (Universal)
		{AD3CE32B-152C-404B-BD65-F25B5D5B6AAF}.Release|Windows Phone (Universal).Build.0 = Release|Windows Phone (Universal)
		{AD3CE32B-152C-404B-BD65-F25B5D5B6AAF}.Release|Windows Phone (Universal).Deploy.0 = Release|Windows Phone (Universal)
		{AD3CE32B-152C-404B-BD65-F25B5D5B6AAF}.Release|Windows Phone 8.ActiveCfg = Release|Windows Phone 8
		{AD3CE32B-152C-404B-BD65-F25B5D5B6AAF}.Release|Windows Phone 8.Build.0 = Release|Windows Phone 8
		{AD3CE32B-152C-404B-BD65-F25B5D5B6AAF}.Release|Windows Phone 8.Deploy.0 = Release|Windows Phone 8
		{AD3CE32B-152C-404B-BD65-F25B5D5B6AAF}.Release|Windows-AnyCPU.ActiveCfg = Release|Windows-AnyCPU
		{AD3CE32B-152C-404B-BD65-F25B5D5B6AAF}.Release|Windows-AnyCPU.Build.0 = Release|Windows-AnyCPU
		{AD3CE32B-152C-404B-BD65-F25B5D5B6AAF}.Release|Windows-AnyCPU.Deploy.0 = Release|Windows-AnyCPU
		{AD3CE32B-152C-404B-BD65-F25B5D5B6AAF}.Release|Windows-ARM.ActiveCfg = Release|Windows-ARM
		{AD3CE32B-152C-404B-BD65-F25B5D5B6AAF}.Release|Windows-ARM.Build.0 = Release|Windows-ARM
		{AD3CE32B-152C-404B-BD65-F25B5D5B6AAF}.Release|Windows-ARM.Deploy.0 = Release|Windows-ARM
		{AD3CE32B-152C-404B-BD65-F25B5D5B6AAF}.Release|Windows-x64.ActiveCfg = Release|Windows-x64
		{AD3CE32B-152C-404B-BD65-F25B5D5B6AAF}.Release|Windows-x64.Build.0 = Release|Windows-x64
		{AD3CE32B-152C-404B-BD65-F25B5D5B6AAF}.Release|Windows-x64.Deploy.0 = Release|Windows-x64
		{AD3CE32B-152C-404B-BD65-F25B5D5B6AAF}.Release|Windows-x86.ActiveCfg = Release|Windows-x86
		{AD3CE32B-152C-404B-BD65-F25B5D5B6AAF}.Release|Windows-x86.Build.0 = Release|Windows-x86
		{AD3CE32B-152C-404B-BD65-F25B5D5B6AAF}.Release|Windows-x86.Deploy.0 = Release|Windows-x86
		{C20DFC54-0E35-49DC-8F84-8914CB426761}.Debug|Android.ActiveCfg = Debug|Any CPU
		{C20DFC54-0E35-49DC-8F84-8914CB426761}.Debug|Android.Build.0 = Debug|Any CPU
		{C20DFC54-0E35-49DC-8F84-8914CB426761}.Debug|Any CPU.ActiveCfg = Debug|Any CPU
		{C20DFC54-0E35-49DC-8F84-8914CB426761}.Debug|Any CPU.Build.0 = Debug|Any CPU
		{C20DFC54-0E35-49DC-8F84-8914CB426761}.Debug|iOS.ActiveCfg = Debug|Any CPU
		{C20DFC54-0E35-49DC-8F84-8914CB426761}.Debug|iOS.Build.0 = Debug|Any CPU
		{C20DFC54-0E35-49DC-8F84-8914CB426761}.Debug|Windows Phone (Universal).ActiveCfg = Debug|Any CPU
		{C20DFC54-0E35-49DC-8F84-8914CB426761}.Debug|Windows Phone (Universal).Build.0 = Debug|Any CPU
		{C20DFC54-0E35-49DC-8F84-8914CB426761}.Debug|Windows Phone 8.ActiveCfg = Debug|Any CPU
		{C20DFC54-0E35-49DC-8F84-8914CB426761}.Debug|Windows Phone 8.Build.0 = Debug|Any CPU
		{C20DFC54-0E35-49DC-8F84-8914CB426761}.Debug|Windows-AnyCPU.ActiveCfg = Debug|Any CPU
		{C20DFC54-0E35-49DC-8F84-8914CB426761}.Debug|Windows-AnyCPU.Build.0 = Debug|Any CPU
		{C20DFC54-0E35-49DC-8F84-8914CB426761}.Debug|Windows-ARM.ActiveCfg = Debug|Any CPU
		{C20DFC54-0E35-49DC-8F84-8914CB426761}.Debug|Windows-ARM.Build.0 = Debug|Any CPU
		{C20DFC54-0E35-49DC-8F84-8914CB426761}.Debug|Windows-x64.ActiveCfg = Debug|Any CPU
		{C20DFC54-0E35-49DC-8F84-8914CB426761}.Debug|Windows-x64.Build.0 = Debug|Any CPU
		{C20DFC54-0E35-49DC-8F84-8914CB426761}.Debug|Windows-x86.ActiveCfg = Debug|Any CPU
		{C20DFC54-0E35-49DC-8F84-8914CB426761}.Debug|Windows-x86.Build.0 = Debug|Any CPU
		{C20DFC54-0E35-49DC-8F84-8914CB426761}.Release|Android.ActiveCfg = Release|Any CPU
		{C20DFC54-0E35-49DC-8F84-8914CB426761}.Release|Android.Build.0 = Release|Any CPU
		{C20DFC54-0E35-49DC-8F84-8914CB426761}.Release|Any CPU.ActiveCfg = Release|Any CPU
		{C20DFC54-0E35-49DC-8F84-8914CB426761}.Release|Any CPU.Build.0 = Release|Any CPU
		{C20DFC54-0E35-49DC-8F84-8914CB426761}.Release|iOS.ActiveCfg = Release|Any CPU
		{C20DFC54-0E35-49DC-8F84-8914CB426761}.Release|iOS.Build.0 = Release|Any CPU
		{C20DFC54-0E35-49DC-8F84-8914CB426761}.Release|Windows Phone (Universal).ActiveCfg = Release|Any CPU
		{C20DFC54-0E35-49DC-8F84-8914CB426761}.Release|Windows Phone (Universal).Build.0 = Release|Any CPU
		{C20DFC54-0E35-49DC-8F84-8914CB426761}.Release|Windows Phone 8.ActiveCfg = Release|Any CPU
		{C20DFC54-0E35-49DC-8F84-8914CB426761}.Release|Windows Phone 8.Build.0 = Release|Any CPU
		{C20DFC54-0E35-49DC-8F84-8914CB426761}.Release|Windows-AnyCPU.ActiveCfg = Release|Any CPU
		{C20DFC54-0E35-49DC-8F84-8914CB426761}.Release|Windows-AnyCPU.Build.0 = Release|Any CPU
		{C20DFC54-0E35-49DC-8F84-8914CB426761}.Release|Windows-ARM.ActiveCfg = Release|Any CPU
		{C20DFC54-0E35-49DC-8F84-8914CB426761}.Release|Windows-ARM.Build.0 = Release|Any CPU
		{C20DFC54-0E35-49DC-8F84-8914CB426761}.Release|Windows-x64.ActiveCfg = Release|Any CPU
		{C20DFC54-0E35-49DC-8F84-8914CB426761}.Release|Windows-x64.Build.0 = Release|Any CPU
		{C20DFC54-0E35-49DC-8F84-8914CB426761}.Release|Windows-x86.ActiveCfg = Release|Any CPU
		{C20DFC54-0E35-49DC-8F84-8914CB426761}.Release|Windows-x86.Build.0 = Release|Any CPU
		{D4361E1E-EA6B-4E55-B3F7-0BF0744C3493}.Debug|Android.ActiveCfg = Debug|Any CPU
		{D4361E1E-EA6B-4E55-B3F7-0BF0744C3493}.Debug|Android.Build.0 = Debug|Any CPU
		{D4361E1E-EA6B-4E55-B3F7-0BF0744C3493}.Debug|Any CPU.ActiveCfg = Debug|Any CPU
		{D4361E1E-EA6B-4E55-B3F7-0BF0744C3493}.Debug|Any CPU.Build.0 = Debug|Any CPU
		{D4361E1E-EA6B-4E55-B3F7-0BF0744C3493}.Debug|iOS.ActiveCfg = Debug|Any CPU
		{D4361E1E-EA6B-4E55-B3F7-0BF0744C3493}.Debug|iOS.Build.0 = Debug|Any CPU
		{D4361E1E-EA6B-4E55-B3F7-0BF0744C3493}.Debug|Windows Phone (Universal).ActiveCfg = Debug|Any CPU
		{D4361E1E-EA6B-4E55-B3F7-0BF0744C3493}.Debug|Windows Phone (Universal).Build.0 = Debug|Any CPU
		{D4361E1E-EA6B-4E55-B3F7-0BF0744C3493}.Debug|Windows Phone 8.ActiveCfg = Debug|Any CPU
		{D4361E1E-EA6B-4E55-B3F7-0BF0744C3493}.Debug|Windows Phone 8.Build.0 = Debug|Any CPU
		{D4361E1E-EA6B-4E55-B3F7-0BF0744C3493}.Debug|Windows-AnyCPU.ActiveCfg = Debug|Any CPU
		{D4361E1E-EA6B-4E55-B3F7-0BF0744C3493}.Debug|Windows-AnyCPU.Build.0 = Debug|Any CPU
		{D4361E1E-EA6B-4E55-B3F7-0BF0744C3493}.Debug|Windows-ARM.ActiveCfg = Debug|Any CPU
		{D4361E1E-EA6B-4E55-B3F7-0BF0744C3493}.Debug|Windows-ARM.Build.0 = Debug|Any CPU
		{D4361E1E-EA6B-4E55-B3F7-0BF0744C3493}.Debug|Windows-x64.ActiveCfg = Debug|Any CPU
		{D4361E1E-EA6B-4E55-B3F7-0BF0744C3493}.Debug|Windows-x64.Build.0 = Debug|Any CPU
		{D4361E1E-EA6B-4E55-B3F7-0BF0744C3493}.Debug|Windows-x86.ActiveCfg = Debug|Any CPU
		{D4361E1E-EA6B-4E55-B3F7-0BF0744C3493}.Debug|Windows-x86.Build.0 = Debug|Any CPU
		{D4361E1E-EA6B-4E55-B3F7-0BF0744C3493}.Release|Android.ActiveCfg = Release|Any CPU
		{D4361E1E-EA6B-4E55-B3F7-0BF0744C3493}.Release|Android.Build.0 = Release|Any CPU
		{D4361E1E-EA6B-4E55-B3F7-0BF0744C3493}.Release|Any CPU.ActiveCfg = Release|Any CPU
		{D4361E1E-EA6B-4E55-B3F7-0BF0744C3493}.Release|Any CPU.Build.0 = Release|Any CPU
		{D4361E1E-EA6B-4E55-B3F7-0BF0744C3493}.Release|iOS.ActiveCfg = Release|Any CPU
		{D4361E1E-EA6B-4E55-B3F7-0BF0744C3493}.Release|iOS.Build.0 = Release|Any CPU
		{D4361E1E-EA6B-4E55-B3F7-0BF0744C3493}.Release|Windows Phone (Universal).ActiveCfg = Release|Any CPU
		{D4361E1E-EA6B-4E55-B3F7-0BF0744C3493}.Release|Windows Phone (Universal).Build.0 = Release|Any CPU
		{D4361E1E-EA6B-4E55-B3F7-0BF0744C3493}.Release|Windows Phone 8.ActiveCfg = Release|Any CPU
		{D4361E1E-EA6B-4E55-B3F7-0BF0744C3493}.Release|Windows Phone 8.Build.0 = Release|Any CPU
		{D4361E1E-EA6B-4E55-B3F7-0BF0744C3493}.Release|Windows-AnyCPU.ActiveCfg = Release|Any CPU
		{D4361E1E-EA6B-4E55-B3F7-0BF0744C3493}.Release|Windows-AnyCPU.Build.0 = Release|Any CPU
		{D4361E1E-EA6B-4E55-B3F7-0BF0744C3493}.Release|Windows-ARM.ActiveCfg = Release|Any CPU
		{D4361E1E-EA6B-4E55-B3F7-0BF0744C3493}.Release|Windows-ARM.Build.0 = Release|Any CPU
		{D4361E1E-EA6B-4E55-B3F7-0BF0744C3493}.Release|Windows-x64.ActiveCfg = Release|Any CPU
		{D4361E1E-EA6B-4E55-B3F7-0BF0744C3493}.Release|Windows-x64.Build.0 = Release|Any CPU
		{D4361E1E-EA6B-4E55-B3F7-0BF0744C3493}.Release|Windows-x86.ActiveCfg = Release|Any CPU
		{D4361E1E-EA6B-4E55-B3F7-0BF0744C3493}.Release|Windows-x86.Build.0 = Release|Any CPU
		{1A1301DF-525F-45EB-BA22-BEB1020BA3F6}.Debug|Android.ActiveCfg = Debug|Any CPU
		{1A1301DF-525F-45EB-BA22-BEB1020BA3F6}.Debug|Android.Build.0 = Debug|Any CPU
		{1A1301DF-525F-45EB-BA22-BEB1020BA3F6}.Debug|Any CPU.ActiveCfg = Debug|Any CPU
		{1A1301DF-525F-45EB-BA22-BEB1020BA3F6}.Debug|Any CPU.Build.0 = Debug|Any CPU
		{1A1301DF-525F-45EB-BA22-BEB1020BA3F6}.Debug|iOS.ActiveCfg = Debug|Any CPU
		{1A1301DF-525F-45EB-BA22-BEB1020BA3F6}.Debug|iOS.Build.0 = Debug|Any CPU
		{1A1301DF-525F-45EB-BA22-BEB1020BA3F6}.Debug|Windows Phone (Universal).ActiveCfg = Debug|Any CPU
		{1A1301DF-525F-45EB-BA22-BEB1020BA3F6}.Debug|Windows Phone (Universal).Build.0 = Debug|Any CPU
		{1A1301DF-525F-45EB-BA22-BEB1020BA3F6}.Debug|Windows Phone 8.ActiveCfg = Debug|Any CPU
		{1A1301DF-525F-45EB-BA22-BEB1020BA3F6}.Debug|Windows Phone 8.Build.0 = Debug|Any CPU
		{1A1301DF-525F-45EB-BA22-BEB1020BA3F6}.Debug|Windows-AnyCPU.ActiveCfg = Debug|Any CPU
		{1A1301DF-525F-45EB-BA22-BEB1020BA3F6}.Debug|Windows-AnyCPU.Build.0 = Debug|Any CPU
		{1A1301DF-525F-45EB-BA22-BEB1020BA3F6}.Debug|Windows-ARM.ActiveCfg = Debug|Any CPU
		{1A1301DF-525F-45EB-BA22-BEB1020BA3F6}.Debug|Windows-ARM.Build.0 = Debug|Any CPU
		{1A1301DF-525F-45EB-BA22-BEB1020BA3F6}.Debug|Windows-x64.ActiveCfg = Debug|Any CPU
		{1A1301DF-525F-45EB-BA22-BEB1020BA3F6}.Debug|Windows-x64.Build.0 = Debug|Any CPU
		{1A1301DF-525F-45EB-BA22-BEB1020BA3F6}.Debug|Windows-x86.ActiveCfg = Debug|Any CPU
		{1A1301DF-525F-45EB-BA22-BEB1020BA3F6}.Debug|Windows-x86.Build.0 = Debug|Any CPU
		{1A1301DF-525F-45EB-BA22-BEB1020BA3F6}.Release|Android.ActiveCfg = Release|Any CPU
		{1A1301DF-525F-45EB-BA22-BEB1020BA3F6}.Release|Android.Build.0 = Release|Any CPU
		{1A1301DF-525F-45EB-BA22-BEB1020BA3F6}.Release|Any CPU.ActiveCfg = Release|Any CPU
		{1A1301DF-525F-45EB-BA22-BEB1020BA3F6}.Release|Any CPU.Build.0 = Release|Any CPU
		{1A1301DF-525F-45EB-BA22-BEB1020BA3F6}.Release|iOS.ActiveCfg = Release|Any CPU
		{1A1301DF-525F-45EB-BA22-BEB1020BA3F6}.Release|iOS.Build.0 = Release|Any CPU
		{1A1301DF-525F-45EB-BA22-BEB1020BA3F6}.Release|Windows Phone (Universal).ActiveCfg = Release|Any CPU
		{1A1301DF-525F-45EB-BA22-BEB1020BA3F6}.Release|Windows Phone (Universal).Build.0 = Release|Any CPU
		{1A1301DF-525F-45EB-BA22-BEB1020BA3F6}.Release|Windows Phone 8.ActiveCfg = Release|Any CPU
		{1A1301DF-525F-45EB-BA22-BEB1020BA3F6}.Release|Windows Phone 8.Build.0 = Release|Any CPU
		{1A1301DF-525F-45EB-BA22-BEB1020BA3F6}.Release|Windows-AnyCPU.ActiveCfg = Release|Any CPU
		{1A1301DF-525F-45EB-BA22-BEB1020BA3F6}.Release|Windows-AnyCPU.Build.0 = Release|Any CPU
		{1A1301DF-525F-45EB-BA22-BEB1020BA3F6}.Release|Windows-ARM.ActiveCfg = Release|Any CPU
		{1A1301DF-525F-45EB-BA22-BEB1020BA3F6}.Release|Windows-ARM.Build.0 = Release|Any CPU
		{1A1301DF-525F-45EB-BA22-BEB1020BA3F6}.Release|Windows-x64.ActiveCfg = Release|Any CPU
		{1A1301DF-525F-45EB-BA22-BEB1020BA3F6}.Release|Windows-x64.Build.0 = Release|Any CPU
		{1A1301DF-525F-45EB-BA22-BEB1020BA3F6}.Release|Windows-x86.ActiveCfg = Release|Any CPU
		{1A1301DF-525F-45EB-BA22-BEB1020BA3F6}.Release|Windows-x86.Build.0 = Release|Any CPU
		{382D5F49-234B-4340-B223-0AC0001B8D8C}.Debug|Android.ActiveCfg = Debug|Any CPU
		{382D5F49-234B-4340-B223-0AC0001B8D8C}.Debug|Android.Build.0 = Debug|Any CPU
		{382D5F49-234B-4340-B223-0AC0001B8D8C}.Debug|Android.Deploy.0 = Debug|Any CPU
		{382D5F49-234B-4340-B223-0AC0001B8D8C}.Debug|Any CPU.ActiveCfg = Debug|Any CPU
		{382D5F49-234B-4340-B223-0AC0001B8D8C}.Debug|Any CPU.Build.0 = Debug|Any CPU
		{382D5F49-234B-4340-B223-0AC0001B8D8C}.Debug|Any CPU.Deploy.0 = Debug|Any CPU
		{382D5F49-234B-4340-B223-0AC0001B8D8C}.Debug|iOS.ActiveCfg = Debug|Any CPU
		{382D5F49-234B-4340-B223-0AC0001B8D8C}.Debug|iOS.Build.0 = Debug|Any CPU
		{382D5F49-234B-4340-B223-0AC0001B8D8C}.Debug|iOS.Deploy.0 = Debug|Any CPU
		{382D5F49-234B-4340-B223-0AC0001B8D8C}.Debug|Windows Phone (Universal).ActiveCfg = Debug|Any CPU
		{382D5F49-234B-4340-B223-0AC0001B8D8C}.Debug|Windows Phone (Universal).Build.0 = Debug|Any CPU
		{382D5F49-234B-4340-B223-0AC0001B8D8C}.Debug|Windows Phone (Universal).Deploy.0 = Debug|Any CPU
		{382D5F49-234B-4340-B223-0AC0001B8D8C}.Debug|Windows Phone 8.ActiveCfg = Debug|Any CPU
		{382D5F49-234B-4340-B223-0AC0001B8D8C}.Debug|Windows Phone 8.Build.0 = Debug|Any CPU
		{382D5F49-234B-4340-B223-0AC0001B8D8C}.Debug|Windows Phone 8.Deploy.0 = Debug|Any CPU
		{382D5F49-234B-4340-B223-0AC0001B8D8C}.Debug|Windows-AnyCPU.ActiveCfg = Debug|Any CPU
		{382D5F49-234B-4340-B223-0AC0001B8D8C}.Debug|Windows-AnyCPU.Build.0 = Debug|Any CPU
		{382D5F49-234B-4340-B223-0AC0001B8D8C}.Debug|Windows-AnyCPU.Deploy.0 = Debug|Any CPU
		{382D5F49-234B-4340-B223-0AC0001B8D8C}.Debug|Windows-ARM.ActiveCfg = Debug|Any CPU
		{382D5F49-234B-4340-B223-0AC0001B8D8C}.Debug|Windows-ARM.Build.0 = Debug|Any CPU
		{382D5F49-234B-4340-B223-0AC0001B8D8C}.Debug|Windows-ARM.Deploy.0 = Debug|Any CPU
		{382D5F49-234B-4340-B223-0AC0001B8D8C}.Debug|Windows-x64.ActiveCfg = Debug|Any CPU
		{382D5F49-234B-4340-B223-0AC0001B8D8C}.Debug|Windows-x64.Build.0 = Debug|Any CPU
		{382D5F49-234B-4340-B223-0AC0001B8D8C}.Debug|Windows-x64.Deploy.0 = Debug|Any CPU
		{382D5F49-234B-4340-B223-0AC0001B8D8C}.Debug|Windows-x86.ActiveCfg = Debug|Any CPU
		{382D5F49-234B-4340-B223-0AC0001B8D8C}.Debug|Windows-x86.Build.0 = Debug|Any CPU
		{382D5F49-234B-4340-B223-0AC0001B8D8C}.Debug|Windows-x86.Deploy.0 = Debug|Any CPU
		{382D5F49-234B-4340-B223-0AC0001B8D8C}.Release|Android.ActiveCfg = Release|Any CPU
		{382D5F49-234B-4340-B223-0AC0001B8D8C}.Release|Android.Build.0 = Release|Any CPU
		{382D5F49-234B-4340-B223-0AC0001B8D8C}.Release|Android.Deploy.0 = Release|Any CPU
		{382D5F49-234B-4340-B223-0AC0001B8D8C}.Release|Any CPU.ActiveCfg = Release|Any CPU
		{382D5F49-234B-4340-B223-0AC0001B8D8C}.Release|Any CPU.Build.0 = Release|Any CPU
		{382D5F49-234B-4340-B223-0AC0001B8D8C}.Release|Any CPU.Deploy.0 = Release|Any CPU
		{382D5F49-234B-4340-B223-0AC0001B8D8C}.Release|iOS.ActiveCfg = Release|Any CPU
		{382D5F49-234B-4340-B223-0AC0001B8D8C}.Release|iOS.Build.0 = Release|Any CPU
		{382D5F49-234B-4340-B223-0AC0001B8D8C}.Release|iOS.Deploy.0 = Release|Any CPU
		{382D5F49-234B-4340-B223-0AC0001B8D8C}.Release|Windows Phone (Universal).ActiveCfg = Release|Any CPU
		{382D5F49-234B-4340-B223-0AC0001B8D8C}.Release|Windows Phone (Universal).Build.0 = Release|Any CPU
		{382D5F49-234B-4340-B223-0AC0001B8D8C}.Release|Windows Phone (Universal).Deploy.0 = Release|Any CPU
		{382D5F49-234B-4340-B223-0AC0001B8D8C}.Release|Windows Phone 8.ActiveCfg = Release|Any CPU
		{382D5F49-234B-4340-B223-0AC0001B8D8C}.Release|Windows Phone 8.Build.0 = Release|Any CPU
		{382D5F49-234B-4340-B223-0AC0001B8D8C}.Release|Windows Phone 8.Deploy.0 = Release|Any CPU
		{382D5F49-234B-4340-B223-0AC0001B8D8C}.Release|Windows-AnyCPU.ActiveCfg = Release|Any CPU
		{382D5F49-234B-4340-B223-0AC0001B8D8C}.Release|Windows-AnyCPU.Build.0 = Release|Any CPU
		{382D5F49-234B-4340-B223-0AC0001B8D8C}.Release|Windows-AnyCPU.Deploy.0 = Release|Any CPU
		{382D5F49-234B-4340-B223-0AC0001B8D8C}.Release|Windows-ARM.ActiveCfg = Release|Any CPU
		{382D5F49-234B-4340-B223-0AC0001B8D8C}.Release|Windows-ARM.Build.0 = Release|Any CPU
		{382D5F49-234B-4340-B223-0AC0001B8D8C}.Release|Windows-ARM.Deploy.0 = Release|Any CPU
		{382D5F49-234B-4340-B223-0AC0001B8D8C}.Release|Windows-x64.ActiveCfg = Release|Any CPU
		{382D5F49-234B-4340-B223-0AC0001B8D8C}.Release|Windows-x64.Build.0 = Release|Any CPU
		{382D5F49-234B-4340-B223-0AC0001B8D8C}.Release|Windows-x64.Deploy.0 = Release|Any CPU
		{382D5F49-234B-4340-B223-0AC0001B8D8C}.Release|Windows-x86.ActiveCfg = Release|Any CPU
		{382D5F49-234B-4340-B223-0AC0001B8D8C}.Release|Windows-x86.Build.0 = Release|Any CPU
		{382D5F49-234B-4340-B223-0AC0001B8D8C}.Release|Windows-x86.Deploy.0 = Release|Any CPU
		{49EDF7B6-1358-419C-87BA-9499F1B5EFCA}.Debug|Android.ActiveCfg = Debug|Any CPU
		{49EDF7B6-1358-419C-87BA-9499F1B5EFCA}.Debug|Android.Build.0 = Debug|Any CPU
		{49EDF7B6-1358-419C-87BA-9499F1B5EFCA}.Debug|Any CPU.ActiveCfg = Debug|Any CPU
		{49EDF7B6-1358-419C-87BA-9499F1B5EFCA}.Debug|Any CPU.Build.0 = Debug|Any CPU
		{49EDF7B6-1358-419C-87BA-9499F1B5EFCA}.Debug|iOS.ActiveCfg = Debug|Any CPU
		{49EDF7B6-1358-419C-87BA-9499F1B5EFCA}.Debug|iOS.Build.0 = Debug|Any CPU
		{49EDF7B6-1358-419C-87BA-9499F1B5EFCA}.Debug|Windows Phone (Universal).ActiveCfg = Debug|Any CPU
		{49EDF7B6-1358-419C-87BA-9499F1B5EFCA}.Debug|Windows Phone (Universal).Build.0 = Debug|Any CPU
		{49EDF7B6-1358-419C-87BA-9499F1B5EFCA}.Debug|Windows Phone 8.ActiveCfg = Debug|Any CPU
		{49EDF7B6-1358-419C-87BA-9499F1B5EFCA}.Debug|Windows Phone 8.Build.0 = Debug|Any CPU
		{49EDF7B6-1358-419C-87BA-9499F1B5EFCA}.Debug|Windows-AnyCPU.ActiveCfg = Debug|Any CPU
		{49EDF7B6-1358-419C-87BA-9499F1B5EFCA}.Debug|Windows-AnyCPU.Build.0 = Debug|Any CPU
		{49EDF7B6-1358-419C-87BA-9499F1B5EFCA}.Debug|Windows-ARM.ActiveCfg = Debug|Any CPU
		{49EDF7B6-1358-419C-87BA-9499F1B5EFCA}.Debug|Windows-ARM.Build.0 = Debug|Any CPU
		{49EDF7B6-1358-419C-87BA-9499F1B5EFCA}.Debug|Windows-x64.ActiveCfg = Debug|Any CPU
		{49EDF7B6-1358-419C-87BA-9499F1B5EFCA}.Debug|Windows-x64.Build.0 = Debug|Any CPU
		{49EDF7B6-1358-419C-87BA-9499F1B5EFCA}.Debug|Windows-x86.ActiveCfg = Debug|Any CPU
		{49EDF7B6-1358-419C-87BA-9499F1B5EFCA}.Debug|Windows-x86.Build.0 = Debug|Any CPU
		{49EDF7B6-1358-419C-87BA-9499F1B5EFCA}.Release|Android.ActiveCfg = Release|Any CPU
		{49EDF7B6-1358-419C-87BA-9499F1B5EFCA}.Release|Android.Build.0 = Release|Any CPU
		{49EDF7B6-1358-419C-87BA-9499F1B5EFCA}.Release|Any CPU.ActiveCfg = Release|Any CPU
		{49EDF7B6-1358-419C-87BA-9499F1B5EFCA}.Release|Any CPU.Build.0 = Release|Any CPU
		{49EDF7B6-1358-419C-87BA-9499F1B5EFCA}.Release|iOS.ActiveCfg = Release|Any CPU
		{49EDF7B6-1358-419C-87BA-9499F1B5EFCA}.Release|iOS.Build.0 = Release|Any CPU
		{49EDF7B6-1358-419C-87BA-9499F1B5EFCA}.Release|Windows Phone (Universal).ActiveCfg = Release|Any CPU
		{49EDF7B6-1358-419C-87BA-9499F1B5EFCA}.Release|Windows Phone (Universal).Build.0 = Release|Any CPU
		{49EDF7B6-1358-419C-87BA-9499F1B5EFCA}.Release|Windows Phone 8.ActiveCfg = Release|Any CPU
		{49EDF7B6-1358-419C-87BA-9499F1B5EFCA}.Release|Windows Phone 8.Build.0 = Release|Any CPU
		{49EDF7B6-1358-419C-87BA-9499F1B5EFCA}.Release|Windows-AnyCPU.ActiveCfg = Release|Any CPU
		{49EDF7B6-1358-419C-87BA-9499F1B5EFCA}.Release|Windows-AnyCPU.Build.0 = Release|Any CPU
		{49EDF7B6-1358-419C-87BA-9499F1B5EFCA}.Release|Windows-ARM.ActiveCfg = Release|Any CPU
		{49EDF7B6-1358-419C-87BA-9499F1B5EFCA}.Release|Windows-ARM.Build.0 = Release|Any CPU
		{49EDF7B6-1358-419C-87BA-9499F1B5EFCA}.Release|Windows-x64.ActiveCfg = Release|Any CPU
		{49EDF7B6-1358-419C-87BA-9499F1B5EFCA}.Release|Windows-x64.Build.0 = Release|Any CPU
		{49EDF7B6-1358-419C-87BA-9499F1B5EFCA}.Release|Windows-x86.ActiveCfg = Release|Any CPU
		{49EDF7B6-1358-419C-87BA-9499F1B5EFCA}.Release|Windows-x86.Build.0 = Release|Any CPU
	EndGlobalSection
	GlobalSection(SolutionProperties) = preSolution
		HideSolutionNode = FALSE
	EndGlobalSection
EndGlobal
